
Microsoft Visual Studio Solution File, Format Version 12.00
# Visual Studio Version 16
VisualStudioVersion = 16.0.29324.140
MinimumVisualStudioVersion = 10.0.40219.1
Project("{FAE04EC0-301F-11D3-BF4B-00C04F79EFBC}") = "TaskManager", "TaskManager\TaskManager.csproj", "{76290934-278E-4A38-8BFB-0DA24726416E}"
EndProject
Global
	GlobalSection(SolutionConfigurationPlatforms) = preSolution
		Debug|Any CPU = Debug|Any CPU
		Release|Any CPU = Release|Any CPU
	EndGlobalSection
	GlobalSection(ProjectConfigurationPlatforms) = postSolution
		{76290934-278E-4A38-8BFB-0DA24726416E}.Debug|Any CPU.ActiveCfg = Debug|Any CPU
		{76290934-278E-4A38-8BFB-0DA24726416E}.Debug|Any CPU.Build.0 = Debug|Any CPU
		{76290934-278E-4A38-8BFB-0DA24726416E}.Release|Any CPU.ActiveCfg = Release|Any CPU
		{76290934-278E-4A38-8BFB-0DA24726416E}.Release|Any CPU.Build.0 = Release|Any CPU
	EndGlobalSection
	GlobalSection(SolutionProperties) = preSolution
		HideSolutionNode = FALSE
	EndGlobalSection
	GlobalSection(ExtensibilityGlobals) = postSolution
		SolutionGuid = {395F6361-D525-406B-8667-783E67B1E0B4}
	EndGlobalSection
EndGlobal
